
Microsoft Visual Studio Solution File, Format Version 12.00
# Visual Studio Version 17
VisualStudioVersion = 17.5.33424.131
MinimumVisualStudioVersion = 10.0.40219.1
Project("{FAE04EC0-301F-11D3-BF4B-00C04F79EFBC}") = "2. ZP M 322_WF", "2. ZP M 322_WF\2. ZP M 322_WF.csproj", "{54989310-BC7B-454D-84E6-2987AC2C2C90}"
EndProject
Global
	GlobalSection(SolutionConfigurationPlatforms) = preSolution
		Debug|Any CPU = Debug|Any CPU
		Release|Any CPU = Release|Any CPU
	EndGlobalSection
	GlobalSection(ProjectConfigurationPlatforms) = postSolution
		{54989310-BC7B-454D-84E6-2987AC2C2C90}.Debug|Any CPU.ActiveCfg = Debug|Any CPU
		{54989310-BC7B-454D-84E6-2987AC2C2C90}.Debug|Any CPU.Build.0 = Debug|Any CPU
		{54989310-BC7B-454D-84E6-2987AC2C2C90}.Release|Any CPU.ActiveCfg = Release|Any CPU
		{54989310-BC7B-454D-84E6-2987AC2C2C90}.Release|Any CPU.Build.0 = Release|Any CPU
	EndGlobalSection
	GlobalSection(SolutionProperties) = preSolution
		HideSolutionNode = FALSE
	EndGlobalSection
	GlobalSection(ExtensibilityGlobals) = postSolution
		SolutionGuid = {121B6D01-BBC8-4EDD-A1B6-EC7416DD3CC1}
	EndGlobalSection
EndGlobal
